
Microsoft Visual Studio Solution File, Format Version 12.00
# Visual Studio Version 17
VisualStudioVersion = 17.0.31903.59
MinimumVisualStudioVersion = 10.0.40219.1
Project("{2150E333-8FDC-42A3-9474-1A3956D46DE8}") = "src", "src", "{17C3DB0D-0CEF-4B99-B7CA-61C778C874AF}"
EndProject
Project("{9A19103F-16F7-4668-BE54-9A1E7A4F7556}") = "TennisBookings", "src\TennisBookings\TennisBookings.csproj", "{2DD5FBD9-430C-4DCC-B525-653972E40227}"
EndProject
Global
	GlobalSection(SolutionConfigurationPlatforms) = preSolution
		Debug|Any CPU = Debug|Any CPU
		Release|Any CPU = Release|Any CPU
	EndGlobalSection
	GlobalSection(ProjectConfigurationPlatforms) = postSolution
		{2DD5FBD9-430C-4DCC-B525-653972E40227}.Debug|Any CPU.ActiveCfg = Debug|Any CPU
		{2DD5FBD9-430C-4DCC-B525-653972E40227}.Debug|Any CPU.Build.0 = Debug|Any CPU
		{2DD5FBD9-430C-4DCC-B525-653972E40227}.Release|Any CPU.ActiveCfg = Release|Any CPU
		{2DD5FBD9-430C-4DCC-B525-653972E40227}.Release|Any CPU.Build.0 = Release|Any CPU
	EndGlobalSection
	GlobalSection(SolutionProperties) = preSolution
		HideSolutionNode = FALSE
	EndGlobalSection
	GlobalSection(NestedProjects) = preSolution
		{2DD5FBD9-430C-4DCC-B525-653972E40227} = {17C3DB0D-0CEF-4B99-B7CA-61C778C874AF}
	EndGlobalSection
	GlobalSection(ExtensibilityGlobals) = postSolution
		SolutionGuid = {6BCF3571-6979-41AA-A558-31A2375279E9}
	EndGlobalSection
EndGlobal
